
Microsoft Visual Studio Solution File, Format Version 12.00
# Visual Studio Version 16
VisualStudioVersion = 16.0.31112.23
MinimumVisualStudioVersion = 10.0.40219.1
Project("{8BC9CEB8-8B4A-11D0-8D11-00A0C91BC942}") = "Queue", "Queue\Queue.vcxproj", "{D5643642-9364-43F5-BD10-FABE19DA048E}"
EndProject
Global
	GlobalSection(SolutionConfigurationPlatforms) = preSolution
		Debug|x64 = Debug|x64
		Debug|x86 = Debug|x86
		Release|x64 = Release|x64
		Release|x86 = Release|x86
	EndGlobalSection
	GlobalSection(ProjectConfigurationPlatforms) = postSolution
		{D5643642-9364-43F5-BD10-FABE19DA048E}.Debug|x64.ActiveCfg = Debug|x64
		{D5643642-9364-43F5-BD10-FABE19DA048E}.Debug|x64.Build.0 = Debug|x64
		{D5643642-9364-43F5-BD10-FABE19DA048E}.Debug|x86.ActiveCfg = Debug|Win32
		{D5643642-9364-43F5-BD10-FABE19DA048E}.Debug|x86.Build.0 = Debug|Win32
		{D5643642-9364-43F5-BD10-FABE19DA048E}.Release|x64.ActiveCfg = Release|x64
		{D5643642-9364-43F5-BD10-FABE19DA048E}.Release|x64.Build.0 = Release|x64
		{D5643642-9364-43F5-BD10-FABE19DA048E}.Release|x86.ActiveCfg = Release|Win32
		{D5643642-9364-43F5-BD10-FABE19DA048E}.Release|x86.Build.0 = Release|Win32
	EndGlobalSection
	GlobalSection(SolutionProperties) = preSolution
		HideSolutionNode = FALSE
	EndGlobalSection
	GlobalSection(ExtensibilityGlobals) = postSolution
		SolutionGuid = {C8767765-C824-44EC-99C8-F9086C44060E}
	EndGlobalSection
EndGlobal
